{
  "name": "juejin",
  "version": "1.0.0",
  "lockfileVersion": 3,
  "requires": true,
  "packages": {
    "": {
      "name": "juejin",
      "version": "1.0.0",
      "license": "ISC",
      "dependencies": {
        "axios": "^0.21.4",
        "nodemailer": "^6.6.3"
      }
    },
    "node_modules/axios": {
      "version": "0.21.4",
      "resolved": "https://registry.npmmirror.com/axios/-/axios-0.21.4.tgz",
      "integrity": "sha512-ut5vewkiu8jjGBdqpM44XxjuCjq9LAKeHVmoVfHVzy8eHgxxq8SbAVQNovDA8mVi05kP0Ea/n/UzcSHcTJQfNg==",
      "dependencies": {
        "follow-redirects": "^1.14.0"
      }
    },
    "node_modules/follow-redirects": {
      "version": "1.15.2",
      "resolved": "https://registry.npmmirror.com/follow-redirects/-/follow-redirects-1.15.2.tgz",
      "integrity": "sha512-VQLG33o04KaQ8uYi2tVNbdrWp1QWxNNea+nmIB4EVM28v0hmP17z7aG1+wAkNzVq4KeXTq3221ye5qTJP91JwA==",
      "engines": {
        "node": ">=4.0"
      },
      "peerDependenciesMeta": {
        "debug": {
          "optional": true
        }
      }
    },
    "node_modules/nodemailer": {
      "version": "6.6.3",
      "resolved": "https://registry.npmmirror.com/nodemailer/-/nodemailer-6.6.3.tgz",
      "integrity": "sha512-faZFufgTMrphYoDjvyVpbpJcYzwyFnbAMmQtj1lVBYAUSm3SOy2fIdd9+Mr4UxPosBa0JRw9bJoIwQn+nswiew==",
      "engines": {
        "node": ">=6.0.0"
      }
    }
  }
}
